// !$*UTF8*$!
{
	archiveVersion = 1;
	classes = {
	};
	objectVersion = 50;
	objects = {

/* Begin PBXBuildFile section */
		DCBBE09722DE240200369099 /* AppDelegate.swift in Sources */ = {isa = PBXBuildFile; fileRef = DCBBE09622DE240200369099 /* AppDelegate.swift */; };
		DCBBE09F22DE240200369099 /* GameViewController.swift in Sources */ = {isa = PBXBuildFile; fileRef = DCBBE09E22DE240200369099 /* GameViewController.swift */; };
		DCBBE0A222DE240200369099 /* Main.storyboard in Resources */ = {isa = PBXBuildFile; fileRef = DCBBE0A022DE240200369099 /* Main.storyboard */; };
		DCBBE0A422DE240600369099 /* Assets.xcassets in Resources */ = {isa = PBXBuildFile; fileRef = DCBBE0A322DE240600369099 /* Assets.xcassets */; };
		DCBBE0A722DE240600369099 /* LaunchScreen.storyboard in Resources */ = {isa = PBXBuildFile; fileRef = DCBBE0A522DE240600369099 /* LaunchScreen.storyboard */; };
		DCBBE0BA22DE24F600369099 /* LevelStorage.swift in Sources */ = {isa = PBXBuildFile; fileRef = DCBBE0AE22DE24F600369099 /* LevelStorage.swift */; };
		DCBBE0BB22DE24F600369099 /* Block.swift in Sources */ = {isa = PBXBuildFile; fileRef = DCBBE0AF22DE24F600369099 /* Block.swift */; };
		DCBBE0BC22DE24F600369099 /* BoardView.swift in Sources */ = {isa = PBXBuildFile; fileRef = DCBBE0B022DE24F600369099 /* BoardView.swift */; };
		DCBBE0BD22DE24F600369099 /* Array2D.swift in Sources */ = {isa = PBXBuildFile; fileRef = DCBBE0B122DE24F600369099 /* Array2D.swift */; };
		DCBBE0BE22DE24F600369099 /* GameDelegate.swift in Sources */ = {isa = PBXBuildFile; fileRef = DCBBE0B222DE24F600369099 /* GameDelegate.swift */; };
		DCBBE0BF22DE24F600369099 /* Difficulty.swift in Sources */ = {isa = PBXBuildFile; fileRef = DCBBE0B322DE24F600369099 /* Difficulty.swift */; };
		DCBBE0C022DE24F600369099 /* BlockView.swift in Sources */ = {isa = PBXBuildFile; fileRef = DCBBE0B422DE24F600369099 /* BlockView.swift */; };
		DCBBE0C122DE24F600369099 /* SIngleGameScene.swift in Sources */ = {isa = PBXBuildFile; fileRef = DCBBE0B522DE24F600369099 /* SIngleGameScene.swift */; };
		DCBBE0C222DE24F600369099 /* SingleGameScene.sks in Resources */ = {isa = PBXBuildFile; fileRef = DCBBE0B622DE24F600369099 /* SingleGameScene.sks */; };
		DCBBE0C322DE24F600369099 /* Board.swift in Sources */ = {isa = PBXBuildFile; fileRef = DCBBE0B722DE24F600369099 /* Board.swift */; };
		DCBBE0C422DE24F600369099 /* SingleGameOverScene.sks in Resources */ = {isa = PBXBuildFile; fileRef = DCBBE0B822DE24F600369099 /* SingleGameOverScene.sks */; };
		DCBBE0C522DE24F600369099 /* SingleGameOverScene.swift in Sources */ = {isa = PBXBuildFile; fileRef = DCBBE0B922DE24F600369099 /* SingleGameOverScene.swift */; };
		DCBBE0C722DE275C00369099 /* Position.swift in Sources */ = {isa = PBXBuildFile; fileRef = DCBBE0C622DE275C00369099 /* Position.swift */; };
		DCBBE0C922DE539A00369099 /* SelectedBlockView.swift in Sources */ = {isa = PBXBuildFile; fileRef = DCBBE0C822DE539A00369099 /* SelectedBlockView.swift */; };
		DCBBE0CC22DEFED800369099 /* SelectGameScene.sks in Resources */ = {isa = PBXBuildFile; fileRef = DCBBE0CA22DEFED800369099 /* SelectGameScene.sks */; };
		DCBBE0CD22DEFED800369099 /* SelectGameScene.swift in Sources */ = {isa = PBXBuildFile; fileRef = DCBBE0CB22DEFED800369099 /* SelectGameScene.swift */; };
/* End PBXBuildFile section */

/* Begin PBXFileReference section */
		DCBBE09322DE240200369099 /* Game1010.app */ = {isa = PBXFileReference; explicitFileType = wrapper.application; includeInIndex = 0; path = Game1010.app; sourceTree = BUILT_PRODUCTS_DIR; };
		DCBBE09622DE240200369099 /* AppDelegate.swift */ = {isa = PBXFileReference; lastKnownFileType = sourcecode.swift; path = AppDelegate.swift; sourceTree = "<group>"; };
		DCBBE09E22DE240200369099 /* GameViewController.swift */ = {isa = PBXFileReference; lastKnownFileType = sourcecode.swift; path = GameViewController.swift; sourceTree = "<group>"; };
		DCBBE0A122DE240200369099 /* Base */ = {isa = PBXFileReference; lastKnownFileType = file.storyboard; name = Base; path = Base.lproj/Main.storyboard; sourceTree = "<group>"; };
		DCBBE0A322DE240600369099 /* Assets.xcassets */ = {isa = PBXFileReference; lastKnownFileType = folder.assetcatalog; path = Assets.xcassets; sourceTree = "<group>"; };
		DCBBE0A622DE240600369099 /* Base */ = {isa = PBXFileReference; lastKnownFileType = file.storyboard; name = Base; path = Base.lproj/LaunchScreen.storyboard; sourceTree = "<group>"; };
		DCBBE0A822DE240600369099 /* Info.plist */ = {isa = PBXFileReference; lastKnownFileType = text.plist.xml; path = Info.plist; sourceTree = "<group>"; };
		DCBBE0AE22DE24F600369099 /* LevelStorage.swift */ = {isa = PBXFileReference; fileEncoding = 4; lastKnownFileType = sourcecode.swift; path = LevelStorage.swift; sourceTree = "<group>"; };
		DCBBE0AF22DE24F600369099 /* Block.swift */ = {isa = PBXFileReference; fileEncoding = 4; lastKnownFileType = sourcecode.swift; path = Block.swift; sourceTree = "<group>"; };
		DCBBE0B022DE24F600369099 /* BoardView.swift */ = {isa = PBXFileReference; fileEncoding = 4; lastKnownFileType = sourcecode.swift; path = BoardView.swift; sourceTree = "<group>"; };
		DCBBE0B122DE24F600369099 /* Array2D.swift */ = {isa = PBXFileReference; fileEncoding = 4; lastKnownFileType = sourcecode.swift; path = Array2D.swift; sourceTree = "<group>"; };
		DCBBE0B222DE24F600369099 /* GameDelegate.swift */ = {isa = PBXFileReference; fileEncoding = 4; lastKnownFileType = sourcecode.swift; path = GameDelegate.swift; sourceTree = "<group>"; };
		DCBBE0B322DE24F600369099 /* Difficulty.swift */ = {isa = PBXFileReference; fileEncoding = 4; lastKnownFileType = sourcecode.swift; path = Difficulty.swift; sourceTree = "<group>"; };
		DCBBE0B422DE24F600369099 /* BlockView.swift */ = {isa = PBXFileReference; fileEncoding = 4; lastKnownFileType = sourcecode.swift; path = BlockView.swift; sourceTree = "<group>"; };
		DCBBE0B522DE24F600369099 /* SIngleGameScene.swift */ = {isa = PBXFileReference; fileEncoding = 4; lastKnownFileType = sourcecode.swift; path = SIngleGameScene.swift; sourceTree = "<group>"; };
		DCBBE0B622DE24F600369099 /* SingleGameScene.sks */ = {isa = PBXFileReference; lastKnownFileType = file.sks; path = SingleGameScene.sks; sourceTree = "<group>"; };
		DCBBE0B722DE24F600369099 /* Board.swift */ = {isa = PBXFileReference; fileEncoding = 4; lastKnownFileType = sourcecode.swift; path = Board.swift; sourceTree = "<group>"; };
		DCBBE0B822DE24F600369099 /* SingleGameOverScene.sks */ = {isa = PBXFileReference; lastKnownFileType = file.sks; path = SingleGameOverScene.sks; sourceTree = "<group>"; };
		DCBBE0B922DE24F600369099 /* SingleGameOverScene.swift */ = {isa = PBXFileReference; fileEncoding = 4; lastKnownFileType = sourcecode.swift; path = SingleGameOverScene.swift; sourceTree = "<group>"; };
		DCBBE0C622DE275C00369099 /* Position.swift */ = {isa = PBXFileReference; lastKnownFileType = sourcecode.swift; path = Position.swift; sourceTree = "<group>"; };
		DCBBE0C822DE539A00369099 /* SelectedBlockView.swift */ = {isa = PBXFileReference; lastKnownFileType = sourcecode.swift; path = SelectedBlockView.swift; sourceTree = "<group>"; };
		DCBBE0CA22DEFED800369099 /* SelectGameScene.sks */ = {isa = PBXFileReference; lastKnownFileType = file.sks; path = SelectGameScene.sks; sourceTree = "<group>"; };
		DCBBE0CB22DEFED800369099 /* SelectGameScene.swift */ = {isa = PBXFileReference; fileEncoding = 4; lastKnownFileType = sourcecode.swift; path = SelectGameScene.swift; sourceTree = "<group>"; };
/* End PBXFileReference section */

/* Begin PBXFrameworksBuildPhase section */
		DCBBE09022DE240200369099 /* Frameworks */ = {
			isa = PBXFrameworksBuildPhase;
			buildActionMask = 2147483647;
			files = (
			);
			runOnlyForDeploymentPostprocessing = 0;
		};
/* End PBXFrameworksBuildPhase section */

/* Begin PBXGroup section */
		DCBBE08A22DE240200369099 = {
			isa = PBXGroup;
			children = (
				DCBBE09522DE240200369099 /* Game1010 */,
				DCBBE09422DE240200369099 /* Products */,
			);
			sourceTree = "<group>";
		};
		DCBBE09422DE240200369099 /* Products */ = {
			isa = PBXGroup;
			children = (
				DCBBE09322DE240200369099 /* Game1010.app */,
			);
			name = Products;
			sourceTree = "<group>";
		};
		DCBBE09522DE240200369099 /* Game1010 */ = {
			isa = PBXGroup;
			children = (
				DCBBE0CA22DEFED800369099 /* SelectGameScene.sks */,
				DCBBE0CB22DEFED800369099 /* SelectGameScene.swift */,
				DCBBE0B122DE24F600369099 /* Array2D.swift */,
				DCBBE0AF22DE24F600369099 /* Block.swift */,
				DCBBE0B422DE24F600369099 /* BlockView.swift */,
				DCBBE0B722DE24F600369099 /* Board.swift */,
				DCBBE0C822DE539A00369099 /* SelectedBlockView.swift */,
				DCBBE0B022DE24F600369099 /* BoardView.swift */,
				DCBBE0B322DE24F600369099 /* Difficulty.swift */,
				DCBBE0B222DE24F600369099 /* GameDelegate.swift */,
				DCBBE0AE22DE24F600369099 /* LevelStorage.swift */,
				DCBBE0B822DE24F600369099 /* SingleGameOverScene.sks */,
				DCBBE0B922DE24F600369099 /* SingleGameOverScene.swift */,
				DCBBE0B622DE24F600369099 /* SingleGameScene.sks */,
				DCBBE0B522DE24F600369099 /* SIngleGameScene.swift */,
				DCBBE09622DE240200369099 /* AppDelegate.swift */,
				DCBBE09E22DE240200369099 /* GameViewController.swift */,
				DCBBE0A022DE240200369099 /* Main.storyboard */,
				DCBBE0A322DE240600369099 /* Assets.xcassets */,
				DCBBE0A522DE240600369099 /* LaunchScreen.storyboard */,
				DCBBE0A822DE240600369099 /* Info.plist */,
				DCBBE0C622DE275C00369099 /* Position.swift */,
			);
			path = Game1010;
			sourceTree = "<group>";
		};
/* End PBXGroup section */

/* Begin PBXNativeTarget section */
		DCBBE09222DE240200369099 /* Game1010 */ = {
			isa = PBXNativeTarget;
			buildConfigurationList = DCBBE0AB22DE240600369099 /* Build configuration list for PBXNativeTarget "Game1010" */;
			buildPhases = (
				DCBBE08F22DE240200369099 /* Sources */,
				DCBBE09022DE240200369099 /* Frameworks */,
				DCBBE09122DE240200369099 /* Resources */,
			);
			buildRules = (
			);
			dependencies = (
			);
			name = Game1010;
			productName = Game1010;
			productReference = DCBBE09322DE240200369099 /* Game1010.app */;
			productType = "com.apple.product-type.application";
		};
/* End PBXNativeTarget section */

/* Begin PBXProject section */
		DCBBE08B22DE240200369099 /* Project object */ = {
			isa = PBXProject;
			attributes = {
				LastSwiftUpdateCheck = 1010;
				LastUpgradeCheck = 1010;
				ORGANIZATIONNAME = "Erland Isaksson";
				TargetAttributes = {
					DCBBE09222DE240200369099 = {
						CreatedOnToolsVersion = 10.1;
					};
				};
			};
			buildConfigurationList = DCBBE08E22DE240200369099 /* Build configuration list for PBXProject "Game1010" */;
			compatibilityVersion = "Xcode 9.3";
			developmentRegion = en;
			hasScannedForEncodings = 0;
			knownRegions = (
				en,
				Base,
			);
			mainGroup = DCBBE08A22DE240200369099;
			productRefGroup = DCBBE09422DE240200369099 /* Products */;
			projectDirPath = "";
			projectRoot = "";
			targets = (
				DCBBE09222DE240200369099 /* Game1010 */,
			);
		};
/* End PBXProject section */

/* Begin PBXResourcesBuildPhase section */
		DCBBE09122DE240200369099 /* Resources */ = {
			isa = PBXResourcesBuildPhase;
			buildActionMask = 2147483647;
			files = (
				DCBBE0A222DE240200369099 /* Main.storyboard in Resources */,
				DCBBE0A422DE240600369099 /* Assets.xcassets in Resources */,
				DCBBE0A722DE240600369099 /* LaunchScreen.storyboard in Resources */,
				DCBBE0CC22DEFED800369099 /* SelectGameScene.sks in Resources */,
				DCBBE0C422DE24F600369099 /* SingleGameOverScene.sks in Resources */,
				DCBBE0C222DE24F600369099 /* SingleGameScene.sks in Resources */,
			);
			runOnlyForDeploymentPostprocessing = 0;
		};
/* End PBXResourcesBuildPhase section */

/* Begin PBXSourcesBuildPhase section */
		DCBBE08F22DE240200369099 /* Sources */ = {
			isa = PBXSourcesBuildPhase;
			buildActionMask = 2147483647;
			files = (
				DCBBE09F22DE240200369099 /* GameViewController.swift in Sources */,
				DCBBE0C722DE275C00369099 /* Position.swift in Sources */,
				DCBBE0BD22DE24F600369099 /* Array2D.swift in Sources */,
				DCBBE0BB22DE24F600369099 /* Block.swift in Sources */,
				DCBBE0BC22DE24F600369099 /* BoardView.swift in Sources */,
				DCBBE0C322DE24F600369099 /* Board.swift in Sources */,
				DCBBE09722DE240200369099 /* AppDelegate.swift in Sources */,
				DCBBE0C922DE539A00369099 /* SelectedBlockView.swift in Sources */,
				DCBBE0C522DE24F600369099 /* SingleGameOverScene.swift in Sources */,
				DCBBE0BE22DE24F600369099 /* GameDelegate.swift in Sources */,
				DCBBE0BF22DE24F600369099 /* Difficulty.swift in Sources */,
				DCBBE0C022DE24F600369099 /* BlockView.swift in Sources */,
				DCBBE0C122DE24F600369099 /* SIngleGameScene.swift in Sources */,
				DCBBE0CD22DEFED800369099 /* SelectGameScene.swift in Sources */,
				DCBBE0BA22DE24F600369099 /* LevelStorage.swift in Sources */,
			);
			runOnlyForDeploymentPostprocessing = 0;
		};
/* End PBXSourcesBuildPhase section */

/* Begin PBXVariantGroup section */
		DCBBE0A022DE240200369099 /* Main.storyboard */ = {
			isa = PBXVariantGroup;
			children = (
				DCBBE0A122DE240200369099 /* Base */,
			);
			name = Main.storyboard;
			sourceTree = "<group>";
		};
		DCBBE0A522DE240600369099 /* LaunchScreen.storyboard */ = {
			isa = PBXVariantGroup;
			children = (
				DCBBE0A622DE240600369099 /* Base */,
			);
			name = LaunchScreen.storyboard;
			sourceTree = "<group>";
		};
/* End PBXVariantGroup section */

/* Begin XCBuildConfiguration section */
		DCBBE0A922DE240600369099 /* Debug */ = {
			isa = XCBuildConfiguration;
			buildSettings = {
				ALWAYS_SEARCH_USER_PATHS = NO;
				CLANG_ANALYZER_NONNULL = YES;
				CLANG_ANALYZER_NUMBER_OBJECT_CONVERSION = YES_AGGRESSIVE;
				CLANG_CXX_LANGUAGE_STANDARD = "gnu++14";
				CLANG_CXX_LIBRARY = "libc++";
				CLANG_ENABLE_MODULES = YES;
				CLANG_ENABLE_OBJC_ARC = YES;
				CLANG_ENABLE_OBJC_WEAK = YES;
				CLANG_WARN_BLOCK_CAPTURE_AUTORELEASING = YES;
				CLANG_WARN_BOOL_CONVERSION = YES;
				CLANG_WARN_COMMA = YES;
				CLANG_WARN_CONSTANT_CONVERSION = YES;
				CLANG_WARN_DEPRECATED_OBJC_IMPLEMENTATIONS = YES;
				CLANG_WARN_DIRECT_OBJC_ISA_USAGE = YES_ERROR;
				CLANG_WARN_DOCUMENTATION_COMMENTS = YES;
				CLANG_WARN_EMPTY_BODY = YES;
				CLANG_WARN_ENUM_CONVERSION = YES;
				CLANG_WARN_INFINITE_RECURSION = YES;
				CLANG_WARN_INT_CONVERSION = YES;
				CLANG_WARN_NON_LITERAL_NULL_CONVERSION = YES;
				CLANG_WARN_OBJC_IMPLICIT_RETAIN_SELF = YES;
				CLANG_WARN_OBJC_LITERAL_CONVERSION = YES;
				CLANG_WARN_OBJC_ROOT_CLASS = YES_ERROR;
				CLANG_WARN_RANGE_LOOP_ANALYSIS = YES;
				CLANG_WARN_STRICT_PROTOTYPES = YES;
				CLANG_WARN_SUSPICIOUS_MOVE = YES;
				CLANG_WARN_UNGUARDED_AVAILABILITY = YES_AGGRESSIVE;
				CLANG_WARN_UNREACHABLE_CODE = YES;
				CLANG_WARN__DUPLICATE_METHOD_MATCH = YES;
				CODE_SIGN_IDENTITY = "iPhone Developer";
				COPY_PHASE_STRIP = NO;
				DEBUG_INFORMATION_FORMAT = dwarf;
				ENABLE_STRICT_OBJC_MSGSEND = YES;
				ENABLE_TESTABILITY = YES;
				GCC_C_LANGUAGE_STANDARD = gnu11;
				GCC_DYNAMIC_NO_PIC = NO;
				GCC_NO_COMMON_BLOCKS = YES;
				GCC_OPTIMIZATION_LEVEL = 0;
				GCC_PREPROCESSOR_DEFINITIONS = (
					"DEBUG=1",
					"$(inherited)",
				);
				GCC_WARN_64_TO_32_BIT_CONVERSION = YES;
				GCC_WARN_ABOUT_RETURN_TYPE = YES_ERROR;
				GCC_WARN_UNDECLARED_SELECTOR = YES;
				GCC_WARN_UNINITIALIZED_AUTOS = YES_AGGRESSIVE;
				GCC_WARN_UNUSED_FUNCTION = YES;
				GCC_WARN_UNUSED_VARIABLE = YES;
				IPHONEOS_DEPLOYMENT_TARGET = 12.1;
				MTL_ENABLE_DEBUG_INFO = INCLUDE_SOURCE;
				MTL_FAST_MATH = YES;
				ONLY_ACTIVE_ARCH = YES;
				SDKROOT = iphoneos;
				SWIFT_ACTIVE_COMPILATION_CONDITIONS = DEBUG;
				SWIFT_OPTIMIZATION_LEVEL = "-Onone";
			};
			name = Debug;
		};
		DCBBE0AA22DE240600369099 /* Release */ = {
			isa = XCBuildConfiguration;
			buildSettings = {
				ALWAYS_SEARCH_USER_PATHS = NO;
				CLANG_ANALYZER_NONNULL = YES;
				CLANG_ANALYZER_NUMBER_OBJECT_CONVERSION = YES_AGGRESSIVE;
				CLANG_CXX_LANGUAGE_STANDARD = "gnu++14";
				CLANG_CXX_LIBRARY = "libc++";
				CLANG_ENABLE_MODULES = YES;
				CLANG_ENABLE_OBJC_ARC = YES;
				CLANG_ENABLE_OBJC_WEAK = YES;
				CLANG_WARN_BLOCK_CAPTURE_AUTORELEASING = YES;
				CLANG_WARN_BOOL_CONVERSION = YES;
				CLANG_WARN_COMMA = YES;
				CLANG_WARN_CONSTANT_CONVERSION = YES;
				CLANG_WARN_DEPRECATED_OBJC_IMPLEMENTATIONS = YES;
				CLANG_WARN_DIRECT_OBJC_ISA_USAGE = YES_ERROR;
				CLANG_WARN_DOCUMENTATION_COMMENTS = YES;
				CLANG_WARN_EMPTY_BODY = YES;
				CLANG_WARN_ENUM_CONVERSION = YES;
				CLANG_WARN_INFINITE_RECURSION = YES;
				CLANG_WARN_INT_CONVERSION = YES;
				CLANG_WARN_NON_LITERAL_NULL_CONVERSION = YES;
				CLANG_WARN_OBJC_IMPLICIT_RETAIN_SELF = YES;
				CLANG_WARN_OBJC_LITERAL_CONVERSION = YES;
				CLANG_WARN_OBJC_ROOT_CLASS = YES_ERROR;
				CLANG_WARN_RANGE_LOOP_ANALYSIS = YES;
				CLANG_WARN_STRICT_PROTOTYPES = YES;
				CLANG_WARN_SUSPICIOUS_MOVE = YES;
				CLANG_WARN_UNGUARDED_AVAILABILITY = YES_AGGRESSIVE;
				CLANG_WARN_UNREACHABLE_CODE = YES;
				CLANG_WARN__DUPLICATE_METHOD_MATCH = YES;
				CODE_SIGN_IDENTITY = "iPhone Developer";
				COPY_PHASE_STRIP = NO;
				DEBUG_INFORMATION_FORMAT = "dwarf-with-dsym";
				ENABLE_NS_ASSERTIONS = NO;
				ENABLE_STRICT_OBJC_MSGSEND = YES;
				GCC_C_LANGUAGE_STANDARD = gnu11;
				GCC_NO_COMMON_BLOCKS = YES;
				GCC_WARN_64_TO_32_BIT_CONVERSION = YES;
				GCC_WARN_ABOUT_RETURN_TYPE = YES_ERROR;
				GCC_WARN_UNDECLARED_SELECTOR = YES;
				GCC_WARN_UNINITIALIZED_AUTOS = YES_AGGRESSIVE;
				GCC_WARN_UNUSED_FUNCTION = YES;
				GCC_WARN_UNUSED_VARIABLE = YES;
				IPHONEOS_DEPLOYMENT_TARGET = 12.1;
				MTL_ENABLE_DEBUG_INFO = NO;
				MTL_FAST_MATH = YES;
				SDKROOT = iphoneos;
				SWIFT_COMPILATION_MODE = wholemodule;
				SWIFT_OPTIMIZATION_LEVEL = "-O";
				VALIDATE_PRODUCT = YES;
			};
			name = Release;
		};
		DCBBE0AC22DE240600369099 /* Debug */ = {
			isa = XCBuildConfiguration;
			buildSettings = {
				ASSETCATALOG_COMPILER_APPICON_NAME = AppIcon;
				CODE_SIGN_STYLE = Automatic;
				DEVELOPMENT_TEAM = 6R6NEH26ZQ;
				INFOPLIST_FILE = Game1010/Info.plist;
				LD_RUNPATH_SEARCH_PATHS = (
					"$(inherited)",
					"@executable_path/Frameworks",
				);
				PRODUCT_BUNDLE_IDENTIFIER = "info.isaksson.erland.Game1010-beta";
				PRODUCT_NAME = "$(TARGET_NAME)";
				SWIFT_VERSION = 4.2;
				TARGETED_DEVICE_FAMILY = "1,2";
			};
			name = Debug;
		};
		DCBBE0AD22DE240600369099 /* Release */ = {
			isa = XCBuildConfiguration;
			buildSettings = {
				ASSETCATALOG_COMPILER_APPICON_NAME = AppIcon;
				CODE_SIGN_STYLE = Automatic;
				DEVELOPMENT_TEAM = 6R6NEH26ZQ;
				INFOPLIST_FILE = Game1010/Info.plist;
				LD_RUNPATH_SEARCH_PATHS = (
					"$(inherited)",
					"@executable_path/Frameworks",
				);
				PRODUCT_BUNDLE_IDENTIFIER = "info.isaksson.erland.Game1010-beta";
				PRODUCT_NAME = "$(TARGET_NAME)";
				SWIFT_VERSION = 4.2;
				TARGETED_DEVICE_FAMILY = "1,2";
			};
			name = Release;
		};
/* End XCBuildConfiguration section */

/* Begin XCConfigurationList section */
		DCBBE08E22DE240200369099 /* Build configuration list for PBXProject "Game1010" */ = {
			isa = XCConfigurationList;
			buildConfigurations = (
				DCBBE0A922DE240600369099 /* Debug */,
				DCBBE0AA22DE240600369099 /* Release */,
			);
			defaultConfigurationIsVisible = 0;
			defaultConfigurationName = Release;
		};
		DCBBE0AB22DE240600369099 /* Build configuration list for PBXNativeTarget "Game1010" */ = {
			isa = XCConfigurationList;
			buildConfigurations = (
				DCBBE0AC22DE240600369099 /* Debug */,
				DCBBE0AD22DE240600369099 /* Release */,
			);
			defaultConfigurationIsVisible = 0;
			defaultConfigurationName = Release;
		};
/* End XCConfigurationList section */
	};
	rootObject = DCBBE08B22DE240200369099 /* Project object */;
}
